
Microsoft Visual Studio Solution File, Format Version 12.00
# Visual Studio Version 16
VisualStudioVersion = 16.0.29411.108
MinimumVisualStudioVersion = 10.0.40219.1
Project("{9A19103F-16F7-4668-BE54-9A1E7A4F7556}") = "Implementation", "Implementation\Implementation.csproj", "{A7ED8AEE-C0A5-421E-BE14-C042EA6C13A5}"
EndProject
Project("{9A19103F-16F7-4668-BE54-9A1E7A4F7556}") = "Tests", "Tests\Tests.csproj", "{1C681FA6-1621-45BA-AF09-833B87D42E4F}"
EndProject
Global
	GlobalSection(SolutionConfigurationPlatforms) = preSolution
		Debug|Any CPU = Debug|Any CPU
		Release|Any CPU = Release|Any CPU
	EndGlobalSection
	GlobalSection(ProjectConfigurationPlatforms) = postSolution
		{A7ED8AEE-C0A5-421E-BE14-C042EA6C13A5}.Debug|Any CPU.ActiveCfg = Debug|Any CPU
		{A7ED8AEE-C0A5-421E-BE14-C042EA6C13A5}.Debug|Any CPU.Build.0 = Debug|Any CPU
		{A7ED8AEE-C0A5-421E-BE14-C042EA6C13A5}.Release|Any CPU.ActiveCfg = Release|Any CPU
		{A7ED8AEE-C0A5-421E-BE14-C042EA6C13A5}.Release|Any CPU.Build.0 = Release|Any CPU
		{1C681FA6-1621-45BA-AF09-833B87D42E4F}.Debug|Any CPU.ActiveCfg = Debug|Any CPU
		{1C681FA6-1621-45BA-AF09-833B87D42E4F}.Debug|Any CPU.Build.0 = Debug|Any CPU
		{1C681FA6-1621-45BA-AF09-833B87D42E4F}.Release|Any CPU.ActiveCfg = Release|Any CPU
		{1C681FA6-1621-45BA-AF09-833B87D42E4F}.Release|Any CPU.Build.0 = Release|Any CPU
	EndGlobalSection
	GlobalSection(SolutionProperties) = preSolution
		HideSolutionNode = FALSE
	EndGlobalSection
	GlobalSection(ExtensibilityGlobals) = postSolution
		SolutionGuid = {32FBAB48-BBBA-49F5-9EF6-9AB6CD157543}
	EndGlobalSection
EndGlobal
