
Microsoft Visual Studio Solution File, Format Version 12.00
# Visual Studio Version 16
VisualStudioVersion = 16.0.29411.108
MinimumVisualStudioVersion = 10.0.40219.1
Project("{9A19103F-16F7-4668-BE54-9A1E7A4F7556}") = "Day01.Test", "Day01.Test\Day01.Test.csproj", "{2710E7B5-37A5-49BC-90A3-DAA4787680DB}"
EndProject
Project("{9A19103F-16F7-4668-BE54-9A1E7A4F7556}") = "Day01", "Day01\Day01.csproj", "{24051F5D-C76B-4C52-8109-4451517A77D0}"
EndProject
Project("{9A19103F-16F7-4668-BE54-9A1E7A4F7556}") = "DayXX", "DayXX\DayXX.csproj", "{DABC6D87-7702-4605-9B4F-497E52C248B6}"
EndProject
Project("{9A19103F-16F7-4668-BE54-9A1E7A4F7556}") = "DayXX.Test", "DayXX.Test\DayXX.Test.csproj", "{A8FFCE78-E5E8-46F9-A9F6-94139CD5BE44}"
EndProject
Global
	GlobalSection(SolutionConfigurationPlatforms) = preSolution
		Debug|Any CPU = Debug|Any CPU
		Release|Any CPU = Release|Any CPU
	EndGlobalSection
	GlobalSection(ProjectConfigurationPlatforms) = postSolution
		{2710E7B5-37A5-49BC-90A3-DAA4787680DB}.Debug|Any CPU.ActiveCfg = Debug|Any CPU
		{2710E7B5-37A5-49BC-90A3-DAA4787680DB}.Debug|Any CPU.Build.0 = Debug|Any CPU
		{2710E7B5-37A5-49BC-90A3-DAA4787680DB}.Release|Any CPU.ActiveCfg = Release|Any CPU
		{2710E7B5-37A5-49BC-90A3-DAA4787680DB}.Release|Any CPU.Build.0 = Release|Any CPU
		{24051F5D-C76B-4C52-8109-4451517A77D0}.Debug|Any CPU.ActiveCfg = Debug|Any CPU
		{24051F5D-C76B-4C52-8109-4451517A77D0}.Debug|Any CPU.Build.0 = Debug|Any CPU
		{24051F5D-C76B-4C52-8109-4451517A77D0}.Release|Any CPU.ActiveCfg = Release|Any CPU
		{24051F5D-C76B-4C52-8109-4451517A77D0}.Release|Any CPU.Build.0 = Release|Any CPU
		{DABC6D87-7702-4605-9B4F-497E52C248B6}.Debug|Any CPU.ActiveCfg = Debug|Any CPU
		{DABC6D87-7702-4605-9B4F-497E52C248B6}.Debug|Any CPU.Build.0 = Debug|Any CPU
		{DABC6D87-7702-4605-9B4F-497E52C248B6}.Release|Any CPU.ActiveCfg = Release|Any CPU
		{DABC6D87-7702-4605-9B4F-497E52C248B6}.Release|Any CPU.Build.0 = Release|Any CPU
		{A8FFCE78-E5E8-46F9-A9F6-94139CD5BE44}.Debug|Any CPU.ActiveCfg = Debug|Any CPU
		{A8FFCE78-E5E8-46F9-A9F6-94139CD5BE44}.Debug|Any CPU.Build.0 = Debug|Any CPU
		{A8FFCE78-E5E8-46F9-A9F6-94139CD5BE44}.Release|Any CPU.ActiveCfg = Release|Any CPU
		{A8FFCE78-E5E8-46F9-A9F6-94139CD5BE44}.Release|Any CPU.Build.0 = Release|Any CPU
	EndGlobalSection
	GlobalSection(SolutionProperties) = preSolution
		HideSolutionNode = FALSE
	EndGlobalSection
	GlobalSection(ExtensibilityGlobals) = postSolution
		SolutionGuid = {32FBAB48-BBBA-49F5-9EF6-9AB6CD157543}
	EndGlobalSection
EndGlobal
